// !$*UTF8*$!
{
	archiveVersion = 1;
	classes = {
	};
	objectVersion = 46;
	objects = {

/* Begin PBXBuildFile section */
		1B4788FA1E56F23C00031CDB /* AppDelegate.swift in Sources */ = {isa = PBXBuildFile; fileRef = 1B4788F91E56F23C00031CDB /* AppDelegate.swift */; };
		1B4788FC1E56F23C00031CDB /* ViewController.swift in Sources */ = {isa = PBXBuildFile; fileRef = 1B4788FB1E56F23C00031CDB /* ViewController.swift */; };
		1B4789011E56F23C00031CDB /* Assets.xcassets in Resources */ = {isa = PBXBuildFile; fileRef = 1B4789001E56F23C00031CDB /* Assets.xcassets */; };
		1B4789041E56F23C00031CDB /* LaunchScreen.storyboard in Resources */ = {isa = PBXBuildFile; fileRef = 1B4789021E56F23C00031CDB /* LaunchScreen.storyboard */; };
		1B47890D1E56F5DB00031CDB /* SelfSizingCell.swift in Sources */ = {isa = PBXBuildFile; fileRef = 1B47890B1E56F5DB00031CDB /* SelfSizingCell.swift */; };
		1B47890E1E56F5DB00031CDB /* SelfSizingCell.xib in Resources */ = {isa = PBXBuildFile; fileRef = 1B47890C1E56F5DB00031CDB /* SelfSizingCell.xib */; };
		1B80A6791E635B1D00198B18 /* 2CustomCellsTableViewController.swift in Sources */ = {isa = PBXBuildFile; fileRef = 1B80A6781E635B1D00198B18 /* 2CustomCellsTableViewController.swift */; };
		1B80A67B1E635B4700198B18 /* Main.storyboard in Resources */ = {isa = PBXBuildFile; fileRef = 1B80A67A1E635B4700198B18 /* Main.storyboard */; };
/* End PBXBuildFile section */

/* Begin PBXFileReference section */
		1B4788F61E56F23C00031CDB /* SelfSizingTableViewCells.app */ = {isa = PBXFileReference; explicitFileType = wrapper.application; includeInIndex = 0; path = SelfSizingTableViewCells.app; sourceTree = BUILT_PRODUCTS_DIR; };
		1B4788F91E56F23C00031CDB /* AppDelegate.swift */ = {isa = PBXFileReference; lastKnownFileType = sourcecode.swift; path = AppDelegate.swift; sourceTree = "<group>"; };
		1B4788FB1E56F23C00031CDB /* ViewController.swift */ = {isa = PBXFileReference; lastKnownFileType = sourcecode.swift; path = ViewController.swift; sourceTree = "<group>"; };
		1B4789001E56F23C00031CDB /* Assets.xcassets */ = {isa = PBXFileReference; lastKnownFileType = folder.assetcatalog; path = Assets.xcassets; sourceTree = "<group>"; };
		1B4789031E56F23C00031CDB /* Base */ = {isa = PBXFileReference; lastKnownFileType = file.storyboard; name = Base; path = Base.lproj/LaunchScreen.storyboard; sourceTree = "<group>"; };
		1B4789051E56F23C00031CDB /* Info.plist */ = {isa = PBXFileReference; lastKnownFileType = text.plist.xml; path = Info.plist; sourceTree = "<group>"; };
		1B47890B1E56F5DB00031CDB /* SelfSizingCell.swift */ = {isa = PBXFileReference; fileEncoding = 4; lastKnownFileType = sourcecode.swift; path = SelfSizingCell.swift; sourceTree = "<group>"; };
		1B47890C1E56F5DB00031CDB /* SelfSizingCell.xib */ = {isa = PBXFileReference; fileEncoding = 4; lastKnownFileType = file.xib; path = SelfSizingCell.xib; sourceTree = "<group>"; };
		1B80A6781E635B1D00198B18 /* 2CustomCellsTableViewController.swift */ = {isa = PBXFileReference; fileEncoding = 4; lastKnownFileType = sourcecode.swift; path = 2CustomCellsTableViewController.swift; sourceTree = "<group>"; };
		1B80A67A1E635B4700198B18 /* Main.storyboard */ = {isa = PBXFileReference; fileEncoding = 4; lastKnownFileType = file.storyboard; path = Main.storyboard; sourceTree = "<group>"; };
/* End PBXFileReference section */

/* Begin PBXFrameworksBuildPhase section */
		1B4788F31E56F23C00031CDB /* Frameworks */ = {
			isa = PBXFrameworksBuildPhase;
			buildActionMask = 2147483647;
			files = (
			);
			runOnlyForDeploymentPostprocessing = 0;
		};
/* End PBXFrameworksBuildPhase section */

/* Begin PBXGroup section */
		1B4788ED1E56F23C00031CDB = {
			isa = PBXGroup;
			children = (
				1B4788F81E56F23C00031CDB /* SelfSizingTableViewCells */,
				1B4788F71E56F23C00031CDB /* Products */,
			);
			sourceTree = "<group>";
		};
		1B4788F71E56F23C00031CDB /* Products */ = {
			isa = PBXGroup;
			children = (
				1B4788F61E56F23C00031CDB /* SelfSizingTableViewCells.app */,
			);
			name = Products;
			sourceTree = "<group>";
		};
		1B4788F81E56F23C00031CDB /* SelfSizingTableViewCells */ = {
			isa = PBXGroup;
			children = (
				1B4788F91E56F23C00031CDB /* AppDelegate.swift */,
				1B4788FB1E56F23C00031CDB /* ViewController.swift */,
				1B80A6781E635B1D00198B18 /* 2CustomCellsTableViewController.swift */,
				1B80A67A1E635B4700198B18 /* Main.storyboard */,
				1B4789001E56F23C00031CDB /* Assets.xcassets */,
				1B4789021E56F23C00031CDB /* LaunchScreen.storyboard */,
				1B4789051E56F23C00031CDB /* Info.plist */,
				1B47890B1E56F5DB00031CDB /* SelfSizingCell.swift */,
				1B47890C1E56F5DB00031CDB /* SelfSizingCell.xib */,
			);
			path = SelfSizingTableViewCells;
			sourceTree = "<group>";
		};
/* End PBXGroup section */

/* Begin PBXNativeTarget section */
		1B4788F51E56F23C00031CDB /* SelfSizingTableViewCells */ = {
			isa = PBXNativeTarget;
			buildConfigurationList = 1B4789081E56F23C00031CDB /* Build configuration list for PBXNativeTarget "SelfSizingTableViewCells" */;
			buildPhases = (
				1B4788F21E56F23C00031CDB /* Sources */,
				1B4788F31E56F23C00031CDB /* Frameworks */,
				1B4788F41E56F23C00031CDB /* Resources */,
			);
			buildRules = (
			);
			dependencies = (
			);
			name = SelfSizingTableViewCells;
			productName = SelfSizingTableViewCells;
			productReference = 1B4788F61E56F23C00031CDB /* SelfSizingTableViewCells.app */;
			productType = "com.apple.product-type.application";
		};
/* End PBXNativeTarget section */

/* Begin PBXProject section */
		1B4788EE1E56F23C00031CDB /* Project object */ = {
			isa = PBXProject;
			attributes = {
				LastSwiftUpdateCheck = 0820;
				LastUpgradeCheck = 0820;
				ORGANIZATIONNAME = "Flávio Silvério";
				TargetAttributes = {
					1B4788F51E56F23C00031CDB = {
						CreatedOnToolsVersion = 8.2.1;
						DevelopmentTeam = 4TU97ESE9C;
						ProvisioningStyle = Automatic;
					};
				};
			};
			buildConfigurationList = 1B4788F11E56F23C00031CDB /* Build configuration list for PBXProject "SelfSizingTableViewCells" */;
			compatibilityVersion = "Xcode 3.2";
			developmentRegion = English;
			hasScannedForEncodings = 0;
			knownRegions = (
				en,
				Base,
			);
			mainGroup = 1B4788ED1E56F23C00031CDB;
			productRefGroup = 1B4788F71E56F23C00031CDB /* Products */;
			projectDirPath = "";
			projectRoot = "";
			targets = (
				1B4788F51E56F23C00031CDB /* SelfSizingTableViewCells */,
			);
		};
/* End PBXProject section */

/* Begin PBXResourcesBuildPhase section */
		1B4788F41E56F23C00031CDB /* Resources */ = {
			isa = PBXResourcesBuildPhase;
			buildActionMask = 2147483647;
			files = (
				1B4789041E56F23C00031CDB /* LaunchScreen.storyboard in Resources */,
				1B47890E1E56F5DB00031CDB /* SelfSizingCell.xib in Resources */,
				1B4789011E56F23C00031CDB /* Assets.xcassets in Resources */,
				1B80A67B1E635B4700198B18 /* Main.storyboard in Resources */,
			);
			runOnlyForDeploymentPostprocessing = 0;
		};
/* End PBXResourcesBuildPhase section */

/* Begin PBXSourcesBuildPhase section */
		1B4788F21E56F23C00031CDB /* Sources */ = {
			isa = PBXSourcesBuildPhase;
			buildActionMask = 2147483647;
			files = (
				1B4788FC1E56F23C00031CDB /* ViewController.swift in Sources */,
				1B4788FA1E56F23C00031CDB /* AppDelegate.swift in Sources */,
				1B47890D1E56F5DB00031CDB /* SelfSizingCell.swift in Sources */,
				1B80A6791E635B1D00198B18 /* 2CustomCellsTableViewController.swift in Sources */,
			);
			runOnlyForDeploymentPostprocessing = 0;
		};
/* End PBXSourcesBuildPhase section */

/* Begin PBXVariantGroup section */
		1B4789021E56F23C00031CDB /* LaunchScreen.storyboard */ = {
			isa = PBXVariantGroup;
			children = (
				1B4789031E56F23C00031CDB /* Base */,
			);
			name = LaunchScreen.storyboard;
			sourceTree = "<group>";
		};
/* End PBXVariantGroup section */

/* Begin XCBuildConfiguration section */
		1B4789061E56F23C00031CDB /* Debug */ = {
			isa = XCBuildConfiguration;
			buildSettings = {
				ALWAYS_SEARCH_USER_PATHS = NO;
				CLANG_ANALYZER_NONNULL = YES;
				CLANG_CXX_LANGUAGE_STANDARD = "gnu++0x";
				CLANG_CXX_LIBRARY = "libc++";
				CLANG_ENABLE_MODULES = YES;
				CLANG_ENABLE_OBJC_ARC = YES;
				CLANG_WARN_BOOL_CONVERSION = YES;
				CLANG_WARN_CONSTANT_CONVERSION = YES;
				CLANG_WARN_DIRECT_OBJC_ISA_USAGE = YES_ERROR;
				CLANG_WARN_DOCUMENTATION_COMMENTS = YES;
				CLANG_WARN_EMPTY_BODY = YES;
				CLANG_WARN_ENUM_CONVERSION = YES;
				CLANG_WARN_INFINITE_RECURSION = YES;
				CLANG_WARN_INT_CONVERSION = YES;
				CLANG_WARN_OBJC_ROOT_CLASS = YES_ERROR;
				CLANG_WARN_SUSPICIOUS_MOVE = YES;
				CLANG_WARN_UNREACHABLE_CODE = YES;
				CLANG_WARN__DUPLICATE_METHOD_MATCH = YES;
				"CODE_SIGN_IDENTITY[sdk=iphoneos*]" = "iPhone Developer";
				COPY_PHASE_STRIP = NO;
				DEBUG_INFORMATION_FORMAT = dwarf;
				ENABLE_STRICT_OBJC_MSGSEND = YES;
				ENABLE_TESTABILITY = YES;
				GCC_C_LANGUAGE_STANDARD = gnu99;
				GCC_DYNAMIC_NO_PIC = NO;
				GCC_NO_COMMON_BLOCKS = YES;
				GCC_OPTIMIZATION_LEVEL = 0;
				GCC_PREPROCESSOR_DEFINITIONS = (
					"DEBUG=1",
					"$(inherited)",
				);
				GCC_WARN_64_TO_32_BIT_CONVERSION = YES;
				GCC_WARN_ABOUT_RETURN_TYPE = YES_ERROR;
				GCC_WARN_UNDECLARED_SELECTOR = YES;
				GCC_WARN_UNINITIALIZED_AUTOS = YES_AGGRESSIVE;
				GCC_WARN_UNUSED_FUNCTION = YES;
				GCC_WARN_UNUSED_VARIABLE = YES;
				IPHONEOS_DEPLOYMENT_TARGET = 10.2;
				MTL_ENABLE_DEBUG_INFO = YES;
				ONLY_ACTIVE_ARCH = YES;
				SDKROOT = iphoneos;
				SWIFT_ACTIVE_COMPILATION_CONDITIONS = DEBUG;
				SWIFT_OPTIMIZATION_LEVEL = "-Onone";
				TARGETED_DEVICE_FAMILY = "1,2";
			};
			name = Debug;
		};
		1B4789071E56F23C00031CDB /* Release */ = {
			isa = XCBuildConfiguration;
			buildSettings = {
				ALWAYS_SEARCH_USER_PATHS = NO;
				CLANG_ANALYZER_NONNULL = YES;
				CLANG_CXX_LANGUAGE_STANDARD = "gnu++0x";
				CLANG_CXX_LIBRARY = "libc++";
				CLANG_ENABLE_MODULES = YES;
				CLANG_ENABLE_OBJC_ARC = YES;
				CLANG_WARN_BOOL_CONVERSION = YES;
				CLANG_WARN_CONSTANT_CONVERSION = YES;
				CLANG_WARN_DIRECT_OBJC_ISA_USAGE = YES_ERROR;
				CLANG_WARN_DOCUMENTATION_COMMENTS = YES;
				CLANG_WARN_EMPTY_BODY = YES;
				CLANG_WARN_ENUM_CONVERSION = YES;
				CLANG_WARN_INFINITE_RECURSION = YES;
				CLANG_WARN_INT_CONVERSION = YES;
				CLANG_WARN_OBJC_ROOT_CLASS = YES_ERROR;
				CLANG_WARN_SUSPICIOUS_MOVE = YES;
				CLANG_WARN_UNREACHABLE_CODE = YES;
				CLANG_WARN__DUPLICATE_METHOD_MATCH = YES;
				"CODE_SIGN_IDENTITY[sdk=iphoneos*]" = "iPhone Developer";
				COPY_PHASE_STRIP = NO;
				DEBUG_INFORMATION_FORMAT = "dwarf-with-dsym";
				ENABLE_NS_ASSERTIONS = NO;
				ENABLE_STRICT_OBJC_MSGSEND = YES;
				GCC_C_LANGUAGE_STANDARD = gnu99;
				GCC_NO_COMMON_BLOCKS = YES;
				GCC_WARN_64_TO_32_BIT_CONVERSION = YES;
				GCC_WARN_ABOUT_RETURN_TYPE = YES_ERROR;
				GCC_WARN_UNDECLARED_SELECTOR = YES;
				GCC_WARN_UNINITIALIZED_AUTOS = YES_AGGRESSIVE;
				GCC_WARN_UNUSED_FUNCTION = YES;
				GCC_WARN_UNUSED_VARIABLE = YES;
				IPHONEOS_DEPLOYMENT_TARGET = 10.2;
				MTL_ENABLE_DEBUG_INFO = NO;
				SDKROOT = iphoneos;
				SWIFT_OPTIMIZATION_LEVEL = "-Owholemodule";
				TARGETED_DEVICE_FAMILY = "1,2";
				VALIDATE_PRODUCT = YES;
			};
			name = Release;
		};
		1B4789091E56F23C00031CDB /* Debug */ = {
			isa = XCBuildConfiguration;
			buildSettings = {
				ASSETCATALOG_COMPILER_APPICON_NAME = AppIcon;
				DEVELOPMENT_TEAM = 4TU97ESE9C;
				INFOPLIST_FILE = SelfSizingTableViewCells/Info.plist;
				LD_RUNPATH_SEARCH_PATHS = "$(inherited) @executable_path/Frameworks";
				PRODUCT_BUNDLE_IDENTIFIER = app.SelfSizingTableViewCells;
				PRODUCT_NAME = "$(TARGET_NAME)";
				SWIFT_VERSION = 3.0;
			};
			name = Debug;
		};
		1B47890A1E56F23C00031CDB /* Release */ = {
			isa = XCBuildConfiguration;
			buildSettings = {
				ASSETCATALOG_COMPILER_APPICON_NAME = AppIcon;
				DEVELOPMENT_TEAM = 4TU97ESE9C;
				INFOPLIST_FILE = SelfSizingTableViewCells/Info.plist;
				LD_RUNPATH_SEARCH_PATHS = "$(inherited) @executable_path/Frameworks";
				PRODUCT_BUNDLE_IDENTIFIER = app.SelfSizingTableViewCells;
				PRODUCT_NAME = "$(TARGET_NAME)";
				SWIFT_VERSION = 3.0;
			};
			name = Release;
		};
/* End XCBuildConfiguration section */

/* Begin XCConfigurationList section */
		1B4788F11E56F23C00031CDB /* Build configuration list for PBXProject "SelfSizingTableViewCells" */ = {
			isa = XCConfigurationList;
			buildConfigurations = (
				1B4789061E56F23C00031CDB /* Debug */,
				1B4789071E56F23C00031CDB /* Release */,
			);
			defaultConfigurationIsVisible = 0;
			defaultConfigurationName = Release;
		};
		1B4789081E56F23C00031CDB /* Build configuration list for PBXNativeTarget "SelfSizingTableViewCells" */ = {
			isa = XCConfigurationList;
			buildConfigurations = (
				1B4789091E56F23C00031CDB /* Debug */,
				1B47890A1E56F23C00031CDB /* Release */,
			);
			defaultConfigurationIsVisible = 0;
			defaultConfigurationName = Release;
		};
/* End XCConfigurationList section */
	};
	rootObject = 1B4788EE1E56F23C00031CDB /* Project object */;
}
